
Microsoft Visual Studio Solution File, Format Version 12.00
# Visual Studio Version 17
VisualStudioVersion = 17.14.36603.0
MinimumVisualStudioVersion = 10.0.40219.1
Project("{FAE04EC0-301F-11D3-BF4B-00C04F79EFBC}") = "AlaMashiDashboard", "AlaMashiDashboard\AlaMashiDashboard.csproj", "{631CBB36-6D65-4A94-BFD4-A5269AD75206}"
EndProject
Global
	GlobalSection(SolutionConfigurationPlatforms) = preSolution
		Debug|Any CPU = Debug|Any CPU
		Release|Any CPU = Release|Any CPU
	EndGlobalSection
	GlobalSection(ProjectConfigurationPlatforms) = postSolution
		{631CBB36-6D65-4A94-BFD4-A5269AD75206}.Debug|Any CPU.ActiveCfg = Debug|Any CPU
		{631CBB36-6D65-4A94-BFD4-A5269AD75206}.Debug|Any CPU.Build.0 = Debug|Any CPU
		{631CBB36-6D65-4A94-BFD4-A5269AD75206}.Release|Any CPU.ActiveCfg = Release|Any CPU
		{631CBB36-6D65-4A94-BFD4-A5269AD75206}.Release|Any CPU.Build.0 = Release|Any CPU
	EndGlobalSection
	GlobalSection(SolutionProperties) = preSolution
		HideSolutionNode = FALSE
	EndGlobalSection
	GlobalSection(ExtensibilityGlobals) = postSolution
		SolutionGuid = {12F9CDA0-7ED2-4705-9543-1CDCFB3890E5}
	EndGlobalSection
EndGlobal
